
Microsoft Visual Studio Solution File, Format Version 12.00
# Visual Studio 14
VisualStudioVersion = 14.0.25420.1
MinimumVisualStudioVersion = 10.0.40219.1
Project("{2150E333-8FDC-42A3-9474-1A3956D46DE8}") = "src", "src", "{9B6DAC7A-6FD9-41CE-94E4-83F1EBCF0A4C}"
	ProjectSection(SolutionItems) = preProject
		src\TheWorld\.bowerrc = src\TheWorld\.bowerrc
		Notes.txt = Notes.txt
	EndProjectSection
EndProject
Project("{2150E333-8FDC-42A3-9474-1A3956D46DE8}") = "Solution Items", "Solution Items", "{CBA60669-68DC-46EE-BB7F-1D12879F5ED7}"
	ProjectSection(SolutionItems) = preProject
		global.json = global.json
	EndProjectSection
EndProject
Project("{8BB2217D-0F2D-49D1-97BC-3654ED321F3B}") = "TheWorld", "src\TheWorld\TheWorld.xproj", "{B46E1571-A3B4-41CB-8404-D412FBE10DAA}"
EndProject
Global
	GlobalSection(SolutionConfigurationPlatforms) = preSolution
		Debug|Any CPU = Debug|Any CPU
		Release|Any CPU = Release|Any CPU
	EndGlobalSection
	GlobalSection(ProjectConfigurationPlatforms) = postSolution
		{B46E1571-A3B4-41CB-8404-D412FBE10DAA}.Debug|Any CPU.ActiveCfg = Debug|Any CPU
		{B46E1571-A3B4-41CB-8404-D412FBE10DAA}.Debug|Any CPU.Build.0 = Debug|Any CPU
		{B46E1571-A3B4-41CB-8404-D412FBE10DAA}.Release|Any CPU.ActiveCfg = Release|Any CPU
		{B46E1571-A3B4-41CB-8404-D412FBE10DAA}.Release|Any CPU.Build.0 = Release|Any CPU
	EndGlobalSection
	GlobalSection(SolutionProperties) = preSolution
		HideSolutionNode = FALSE
	EndGlobalSection
	GlobalSection(NestedProjects) = preSolution
		{B46E1571-A3B4-41CB-8404-D412FBE10DAA} = {9B6DAC7A-6FD9-41CE-94E4-83F1EBCF0A4C}
	EndGlobalSection
EndGlobal
